
Microsoft Visual Studio Solution File, Format Version 12.00
# Visual Studio 15
VisualStudioVersion = 15.0.27703.2042
MinimumVisualStudioVersion = 10.0.40219.1
Project("{FAE04EC0-301F-11D3-BF4B-00C04F79EFBC}") = "Gui", "Gui\Gui.csproj", "{7E20F0CD-602B-4667-A132-F887AE5085BC}"
EndProject
Global
	GlobalSection(SolutionConfigurationPlatforms) = preSolution
		Debug|Any CPU = Debug|Any CPU
		Release|Any CPU = Release|Any CPU
	EndGlobalSection
	GlobalSection(ProjectConfigurationPlatforms) = postSolution
		{7E20F0CD-602B-4667-A132-F887AE5085BC}.Debug|Any CPU.ActiveCfg = Debug|Any CPU
		{7E20F0CD-602B-4667-A132-F887AE5085BC}.Debug|Any CPU.Build.0 = Debug|Any CPU
		{7E20F0CD-602B-4667-A132-F887AE5085BC}.Release|Any CPU.ActiveCfg = Release|Any CPU
		{7E20F0CD-602B-4667-A132-F887AE5085BC}.Release|Any CPU.Build.0 = Release|Any CPU
	EndGlobalSection
	GlobalSection(SolutionProperties) = preSolution
		HideSolutionNode = FALSE
	EndGlobalSection
	GlobalSection(ExtensibilityGlobals) = postSolution
		SolutionGuid = {717E1688-55A6-40D2-8746-8F186E4CE2A4}
	EndGlobalSection
EndGlobal
