
Microsoft Visual Studio Solution File, Format Version 12.00
# Visual Studio 15
VisualStudioVersion = 15.0.27703.2042
MinimumVisualStudioVersion = 10.0.40219.1
Project("{FAE04EC0-301F-11D3-BF4B-00C04F79EFBC}") = "Gui", "Gui\Gui.csproj", "{9DD585A0-26D7-4DE4-BE80-84F427C200E8}"
EndProject
Project("{FAE04EC0-301F-11D3-BF4B-00C04F79EFBC}") = "TcpCommunication", "TcpCommunication\TcpCommunication.csproj", "{CD111D09-C33D-4CF2-8EDE-16B20C857D43}"
EndProject
Global
	GlobalSection(SolutionConfigurationPlatforms) = preSolution
		Debug|Any CPU = Debug|Any CPU
		Release|Any CPU = Release|Any CPU
	EndGlobalSection
	GlobalSection(ProjectConfigurationPlatforms) = postSolution
		{9DD585A0-26D7-4DE4-BE80-84F427C200E8}.Debug|Any CPU.ActiveCfg = Debug|Any CPU
		{9DD585A0-26D7-4DE4-BE80-84F427C200E8}.Debug|Any CPU.Build.0 = Debug|Any CPU
		{9DD585A0-26D7-4DE4-BE80-84F427C200E8}.Release|Any CPU.ActiveCfg = Release|Any CPU
		{9DD585A0-26D7-4DE4-BE80-84F427C200E8}.Release|Any CPU.Build.0 = Release|Any CPU
		{CD111D09-C33D-4CF2-8EDE-16B20C857D43}.Debug|Any CPU.ActiveCfg = Debug|Any CPU
		{CD111D09-C33D-4CF2-8EDE-16B20C857D43}.Debug|Any CPU.Build.0 = Debug|Any CPU
		{CD111D09-C33D-4CF2-8EDE-16B20C857D43}.Release|Any CPU.ActiveCfg = Release|Any CPU
		{CD111D09-C33D-4CF2-8EDE-16B20C857D43}.Release|Any CPU.Build.0 = Release|Any CPU
	EndGlobalSection
	GlobalSection(SolutionProperties) = preSolution
		HideSolutionNode = FALSE
	EndGlobalSection
	GlobalSection(ExtensibilityGlobals) = postSolution
		SolutionGuid = {0F881B14-3AD9-4560-B5DE-EBE84696144B}
	EndGlobalSection
EndGlobal
